
Microsoft Visual Studio Solution File, Format Version 12.00
# Visual Studio Version 17
VisualStudioVersion = 17.10.35122.118
MinimumVisualStudioVersion = 10.0.40219.1
Project("{FAE04EC0-301F-11D3-BF4B-00C04F79EFBC}") = "WordleAnswerGUI", "WordleAnswerGUI\WordleAnswerGUI.csproj", "{BFBD23A7-92D3-4C37-A05D-B1458601465A}"
EndProject
Global
	GlobalSection(SolutionConfigurationPlatforms) = preSolution
		Debug|Any CPU = Debug|Any CPU
		Release|Any CPU = Release|Any CPU
	EndGlobalSection
	GlobalSection(ProjectConfigurationPlatforms) = postSolution
		{BFBD23A7-92D3-4C37-A05D-B1458601465A}.Debug|Any CPU.ActiveCfg = Debug|Any CPU
		{BFBD23A7-92D3-4C37-A05D-B1458601465A}.Debug|Any CPU.Build.0 = Debug|Any CPU
		{BFBD23A7-92D3-4C37-A05D-B1458601465A}.Release|Any CPU.ActiveCfg = Release|Any CPU
		{BFBD23A7-92D3-4C37-A05D-B1458601465A}.Release|Any CPU.Build.0 = Release|Any CPU
	EndGlobalSection
	GlobalSection(SolutionProperties) = preSolution
		HideSolutionNode = FALSE
	EndGlobalSection
	GlobalSection(ExtensibilityGlobals) = postSolution
		SolutionGuid = {D00A4CAF-7341-4290-9E52-DEAF4ED8A362}
	EndGlobalSection
EndGlobal
